// !$*UTF8*$!
{
	archiveVersion = 1;
	classes = {
	};
	objectVersion = 50;
	objects = {

/* Begin PBXBuildFile section */
		552222CD2118129D000F3D66 /* Game.cpp in Sources */ = {isa = PBXBuildFile; fileRef = 552222BF2118129C000F3D66 /* Game.cpp */; };
		552222CE2118129D000F3D66 /* View.cpp in Sources */ = {isa = PBXBuildFile; fileRef = 552222C02118129C000F3D66 /* View.cpp */; };
		552222CF2118129D000F3D66 /* Player.cpp in Sources */ = {isa = PBXBuildFile; fileRef = 552222C32118129C000F3D66 /* Player.cpp */; };
		552222D02118129D000F3D66 /* Map.cpp in Sources */ = {isa = PBXBuildFile; fileRef = 552222CA2118129D000F3D66 /* Map.cpp */; };
		55C0D1D8211812430033D61F /* main.cpp in Sources */ = {isa = PBXBuildFile; fileRef = 55C0D1D7211812430033D61F /* main.cpp */; };
/* End PBXBuildFile section */

/* Begin PBXFileReference section */
		552222BF2118129C000F3D66 /* Game.cpp */ = {isa = PBXFileReference; fileEncoding = 4; lastKnownFileType = sourcecode.cpp.cpp; path = Game.cpp; sourceTree = "<group>"; };
		552222C02118129C000F3D66 /* View.cpp */ = {isa = PBXFileReference; fileEncoding = 4; lastKnownFileType = sourcecode.cpp.cpp; path = View.cpp; sourceTree = "<group>"; };
		552222C12118129C000F3D66 /* map.png */ = {isa = PBXFileReference; lastKnownFileType = image.png; path = map.png; sourceTree = "<group>"; };
		552222C22118129C000F3D66 /* pixar.jpg */ = {isa = PBXFileReference; lastKnownFileType = image.jpeg; path = pixar.jpg; sourceTree = "<group>"; };
		552222C32118129C000F3D66 /* Player.cpp */ = {isa = PBXFileReference; fileEncoding = 4; lastKnownFileType = sourcecode.cpp.cpp; path = Player.cpp; sourceTree = "<group>"; };
		552222C42118129C000F3D66 /* Player.hpp */ = {isa = PBXFileReference; fileEncoding = 4; lastKnownFileType = sourcecode.cpp.h; path = Player.hpp; sourceTree = "<group>"; };
		552222C52118129D000F3D66 /* Game.hpp */ = {isa = PBXFileReference; fileEncoding = 4; lastKnownFileType = sourcecode.cpp.h; path = Game.hpp; sourceTree = "<group>"; };
		552222C62118129D000F3D66 /* data */ = {isa = PBXFileReference; fileEncoding = 4; lastKnownFileType = text; path = data; sourceTree = "<group>"; };
		552222C72118129D000F3D66 /* chintzy.ttf */ = {isa = PBXFileReference; lastKnownFileType = file; path = chintzy.ttf; sourceTree = "<group>"; };
		552222C82118129D000F3D66 /* View.hpp */ = {isa = PBXFileReference; fileEncoding = 4; lastKnownFileType = sourcecode.cpp.h; path = View.hpp; sourceTree = "<group>"; };
		552222C92118129D000F3D66 /* Constants.h */ = {isa = PBXFileReference; fileEncoding = 4; lastKnownFileType = sourcecode.c.h; path = Constants.h; sourceTree = "<group>"; };
		552222CA2118129D000F3D66 /* Map.cpp */ = {isa = PBXFileReference; fileEncoding = 4; lastKnownFileType = sourcecode.cpp.cpp; path = Map.cpp; sourceTree = "<group>"; };
		552222CB2118129D000F3D66 /* Map.hpp */ = {isa = PBXFileReference; fileEncoding = 4; lastKnownFileType = sourcecode.cpp.h; path = Map.hpp; sourceTree = "<group>"; };
		55C0D1D4211812430033D61F /* SFML-engine */ = {isa = PBXFileReference; explicitFileType = "compiled.mach-o.executable"; includeInIndex = 0; path = "SFML-engine"; sourceTree = BUILT_PRODUCTS_DIR; };
		55C0D1D7211812430033D61F /* main.cpp */ = {isa = PBXFileReference; lastKnownFileType = sourcecode.cpp.cpp; path = main.cpp; sourceTree = "<group>"; };
		55C0D1DA211812430033D61F /* cute_image.jpg */ = {isa = PBXFileReference; lastKnownFileType = image.jpeg; path = cute_image.jpg; sourceTree = "<group>"; };
		55C0D1DB211812430033D61F /* nice_music.ogg */ = {isa = PBXFileReference; lastKnownFileType = file; path = nice_music.ogg; sourceTree = "<group>"; };
		55C0D1DC211812430033D61F /* sansation.ttf */ = {isa = PBXFileReference; lastKnownFileType = file; path = sansation.ttf; sourceTree = "<group>"; };
		55C0D1DD211812430033D61F /* icon.png */ = {isa = PBXFileReference; lastKnownFileType = image.png; path = icon.png; sourceTree = "<group>"; };
/* End PBXFileReference section */

/* Begin PBXFrameworksBuildPhase section */
		55C0D1D2211812430033D61F /* Frameworks */ = {
			isa = PBXFrameworksBuildPhase;
			buildActionMask = 2147483647;
			files = (
			);
			runOnlyForDeploymentPostprocessing = 0;
		};
/* End PBXFrameworksBuildPhase section */

/* Begin PBXGroup section */
		55C0D1CC211812430033D61F = {
			isa = PBXGroup;
			children = (
				55C0D1D6211812430033D61F /* SFML-engine */,
				55C0D1D5211812430033D61F /* Products */,
			);
			sourceTree = "<group>";
		};
		55C0D1D5211812430033D61F /* Products */ = {
			isa = PBXGroup;
			children = (
				55C0D1D4211812430033D61F /* SFML-engine */,
			);
			name = Products;
			sourceTree = "<group>";
		};
		55C0D1D6211812430033D61F /* SFML-engine */ = {
			isa = PBXGroup;
			children = (
				55C0D1D7211812430033D61F /* main.cpp */,
				552222C72118129D000F3D66 /* chintzy.ttf */,
				552222C92118129D000F3D66 /* Constants.h */,
				552222C62118129D000F3D66 /* data */,
				552222BF2118129C000F3D66 /* Game.cpp */,
				552222C52118129D000F3D66 /* Game.hpp */,
				552222CA2118129D000F3D66 /* Map.cpp */,
				552222CB2118129D000F3D66 /* Map.hpp */,
				552222C12118129C000F3D66 /* map.png */,
				552222C22118129C000F3D66 /* pixar.jpg */,
				552222C32118129C000F3D66 /* Player.cpp */,
				552222C42118129C000F3D66 /* Player.hpp */,
				552222C02118129C000F3D66 /* View.cpp */,
				552222C82118129D000F3D66 /* View.hpp */,
				55C0D1D9211812430033D61F /* Resources */,
			);
			path = "SFML-engine";
			sourceTree = "<group>";
		};
		55C0D1D9211812430033D61F /* Resources */ = {
			isa = PBXGroup;
			children = (
				55C0D1DA211812430033D61F /* cute_image.jpg */,
				55C0D1DB211812430033D61F /* nice_music.ogg */,
				55C0D1DC211812430033D61F /* sansation.ttf */,
				55C0D1DD211812430033D61F /* icon.png */,
			);
			name = Resources;
			sourceTree = "<group>";
		};
/* End PBXGroup section */

/* Begin PBXNativeTarget section */
		55C0D1D3211812430033D61F /* SFML-engine */ = {
			isa = PBXNativeTarget;
			buildConfigurationList = 55C0D1E0211812430033D61F /* Build configuration list for PBXNativeTarget "SFML-engine" */;
			buildPhases = (
				55C0D1D1211812430033D61F /* Sources */,
				55C0D1D2211812430033D61F /* Frameworks */,
			);
			buildRules = (
			);
			dependencies = (
			);
			name = "SFML-engine";
			productName = "SFML-engine";
			productReference = 55C0D1D4211812430033D61F /* SFML-engine */;
			productType = "com.apple.product-type.tool";
		};
/* End PBXNativeTarget section */

/* Begin PBXProject section */
		55C0D1CD211812430033D61F /* Project object */ = {
			isa = PBXProject;
			attributes = {
				LastUpgradeCheck = 0940;
				ORGANIZATIONNAME = "Dave Campbell";
				TargetAttributes = {
					55C0D1D3211812430033D61F = {
						CreatedOnToolsVersion = 9.4.1;
					};
				};
			};
			buildConfigurationList = 55C0D1D0211812430033D61F /* Build configuration list for PBXProject "SFML-engine" */;
			compatibilityVersion = "Xcode 9.3";
			developmentRegion = en;
			hasScannedForEncodings = 0;
			knownRegions = (
				en,
			);
			mainGroup = 55C0D1CC211812430033D61F;
			productRefGroup = 55C0D1D5211812430033D61F /* Products */;
			projectDirPath = "";
			projectRoot = "";
			targets = (
				55C0D1D3211812430033D61F /* SFML-engine */,
			);
		};
/* End PBXProject section */

/* Begin PBXSourcesBuildPhase section */
		55C0D1D1211812430033D61F /* Sources */ = {
			isa = PBXSourcesBuildPhase;
			buildActionMask = 2147483647;
			files = (
				552222CF2118129D000F3D66 /* Player.cpp in Sources */,
				552222D02118129D000F3D66 /* Map.cpp in Sources */,
				552222CE2118129D000F3D66 /* View.cpp in Sources */,
				55C0D1D8211812430033D61F /* main.cpp in Sources */,
				552222CD2118129D000F3D66 /* Game.cpp in Sources */,
			);
			runOnlyForDeploymentPostprocessing = 0;
		};
/* End PBXSourcesBuildPhase section */

/* Begin XCBuildConfiguration section */
		55C0D1DE211812430033D61F /* Debug */ = {
			isa = XCBuildConfiguration;
			buildSettings = {
				ARCHS = "$(NATIVE_ARCH_ACTUAL)";
				CLANG_CXX_LANGUAGE_STANDARD = "c++11";
				CLANG_CXX_LIBRARY = "libc++";
				FRAMEWORK_SEARCH_PATHS = (
					/Library/Frameworks/,
					"$(inherited)",
				);
				GCC_VERSION = com.apple.compilers.llvm.clang.1_0;
				HEADER_SEARCH_PATHS = (
					/usr/local/include/,
					"$(inherited)",
				);
				LIBRARY_SEARCH_PATHS = (
					/usr/local/lib/,
					"$(inherited)",
				);
				MACOSX_DEPLOYMENT_TARGET = 10.7;
				OTHER_LDFLAGS = (
					"$(inherited)",
					"$(SFML_SYSTEM)",
					"$(SFML_WINDOW)",
					"$(SFML_GRAPHICS)",
					"$(SFML_AUDIO)",
					"$(SFML_NETWORK)",
				);
				SFML_AUDIO = "$(SFML_LINK_PREFIX) sfml-audio$(SFML_LINK_SUFFIX)";
				SFML_BINARY_TYPE = FRAMEWORKS;
				SFML_GRAPHICS = "$(SFML_LINK_PREFIX) sfml-graphics$(SFML_LINK_SUFFIX)";
				SFML_LINK_DYLIBS_PREFIX = "-l";
				SFML_LINK_DYLIBS_SUFFIX = "";
				SFML_LINK_FRAMEWORKS_PREFIX = "-framework";
				SFML_LINK_FRAMEWORKS_SUFFIX = "";
				SFML_LINK_PREFIX = "$(SFML_LINK_$(SFML_BINARY_TYPE)_PREFIX)";
				SFML_LINK_SUFFIX = "$(SFML_LINK_$(SFML_BINARY_TYPE)_SUFFIX)";
				SFML_NETWORK = "$(SFML_LINK_PREFIX) sfml-network$(SFML_LINK_SUFFIX)";
				SFML_SYSTEM = "$(SFML_LINK_PREFIX) sfml-system$(SFML_LINK_SUFFIX)";
				SFML_WINDOW = "$(SFML_LINK_PREFIX) sfml-window$(SFML_LINK_SUFFIX)";
				SUPPORTED_PLATFORMS = macosx;
			};
			name = Debug;
		};
		55C0D1DF211812430033D61F /* Release */ = {
			isa = XCBuildConfiguration;
			buildSettings = {
				ARCHS = "$(NATIVE_ARCH_ACTUAL)";
				CLANG_CXX_LANGUAGE_STANDARD = "c++11";
				CLANG_CXX_LIBRARY = "libc++";
				FRAMEWORK_SEARCH_PATHS = (
					/Library/Frameworks/,
					"$(inherited)",
				);
				GCC_VERSION = com.apple.compilers.llvm.clang.1_0;
				HEADER_SEARCH_PATHS = (
					/usr/local/include/,
					"$(inherited)",
				);
				LIBRARY_SEARCH_PATHS = (
					/usr/local/lib/,
					"$(inherited)",
				);
				MACOSX_DEPLOYMENT_TARGET = 10.7;
				OTHER_LDFLAGS = (
					"$(inherited)",
					"$(SFML_SYSTEM)",
					"$(SFML_WINDOW)",
					"$(SFML_GRAPHICS)",
					"$(SFML_AUDIO)",
					"$(SFML_NETWORK)",
				);
				SFML_AUDIO = "$(SFML_LINK_PREFIX) sfml-audio$(SFML_LINK_SUFFIX)";
				SFML_BINARY_TYPE = FRAMEWORKS;
				SFML_GRAPHICS = "$(SFML_LINK_PREFIX) sfml-graphics$(SFML_LINK_SUFFIX)";
				SFML_LINK_DYLIBS_PREFIX = "-l";
				SFML_LINK_DYLIBS_SUFFIX = "";
				SFML_LINK_FRAMEWORKS_PREFIX = "-framework";
				SFML_LINK_FRAMEWORKS_SUFFIX = "";
				SFML_LINK_PREFIX = "$(SFML_LINK_$(SFML_BINARY_TYPE)_PREFIX)";
				SFML_LINK_SUFFIX = "$(SFML_LINK_$(SFML_BINARY_TYPE)_SUFFIX)";
				SFML_NETWORK = "$(SFML_LINK_PREFIX) sfml-network$(SFML_LINK_SUFFIX)";
				SFML_SYSTEM = "$(SFML_LINK_PREFIX) sfml-system$(SFML_LINK_SUFFIX)";
				SFML_WINDOW = "$(SFML_LINK_PREFIX) sfml-window$(SFML_LINK_SUFFIX)";
				SUPPORTED_PLATFORMS = macosx;
			};
			name = Release;
		};
		55C0D1E1211812430033D61F /* Debug */ = {
			isa = XCBuildConfiguration;
			buildSettings = {
				CODE_SIGN_STYLE = Automatic;
				PRODUCT_NAME = "$(TARGET_NAME)";
			};
			name = Debug;
		};
		55C0D1E2211812430033D61F /* Release */ = {
			isa = XCBuildConfiguration;
			buildSettings = {
				CODE_SIGN_STYLE = Automatic;
				PRODUCT_NAME = "$(TARGET_NAME)";
			};
			name = Release;
		};
/* End XCBuildConfiguration section */

/* Begin XCConfigurationList section */
		55C0D1D0211812430033D61F /* Build configuration list for PBXProject "SFML-engine" */ = {
			isa = XCConfigurationList;
			buildConfigurations = (
				55C0D1DE211812430033D61F /* Debug */,
				55C0D1DF211812430033D61F /* Release */,
			);
			defaultConfigurationIsVisible = 0;
			defaultConfigurationName = Release;
		};
		55C0D1E0211812430033D61F /* Build configuration list for PBXNativeTarget "SFML-engine" */ = {
			isa = XCConfigurationList;
			buildConfigurations = (
				55C0D1E1211812430033D61F /* Debug */,
				55C0D1E2211812430033D61F /* Release */,
			);
			defaultConfigurationIsVisible = 0;
			defaultConfigurationName = Release;
		};
/* End XCConfigurationList section */
	};
	rootObject = 55C0D1CD211812430033D61F /* Project object */;
}
